{
  "originHash" : "59abb116c1c00185e55ad6ee5a88e9b135e6f682ab5f1a53eab126089c0e4a96",
  "pins" : [
    {
      "identity" : "aranet-kit",
      "kind" : "remoteSourceControl",
      "location" : "https://github.com/heikopanjas/aranet-kit",
      "state" : {
        "revision" : "75eedd0db4a18d8fd120d44b8c60d4a67e2e8ba8",
        "version" : "3.5.2"
      }
    },
    {
      "identity" : "swift-argument-parser",
      "kind" : "remoteSourceControl",
      "location" : "https://github.com/apple/swift-argument-parser.git",
      "state" : {
        "revision" : "6a52f3251125d74daf04fcbd5e6f08a75d074382",
        "version" : "1.8.2"
      }
    }
  ],
  "version" : 3
}
