{
  "originHash" : "63bdbc16f8f4183583a6177f337c77aab568cb88ca5846e5dbd52b700e48dcc9",
  "pins" : [
    {
      "identity" : "aranet-kit",
      "kind" : "remoteSourceControl",
      "location" : "https://github.com/heikopanjas/aranet-kit",
      "state" : {
        "revision" : "75eedd0db4a18d8fd120d44b8c60d4a67e2e8ba8",
        "version" : "3.5.2"
      }
    },
    {
      "identity" : "sparkle",
      "kind" : "remoteSourceControl",
      "location" : "https://github.com/sparkle-project/Sparkle",
      "state" : {
        "revision" : "b6496a74a087257ef5e6da1c5b29a447a60f5bd7",
        "version" : "2.9.4"
      }
    },
    {
      "identity" : "swift-argument-parser",
      "kind" : "remoteSourceControl",
      "location" : "https://github.com/apple/swift-argument-parser.git",
      "state" : {
        "revision" : "6a52f3251125d74daf04fcbd5e6f08a75d074382",
        "version" : "1.8.2"
      }
    }
  ],
  "version" : 3
}
